
Microsoft Visual Studio Solution File, Format Version 12.00
# Visual Studio Version 16
VisualStudioVersion = 16.0.809.8
MinimumVisualStudioVersion = 10.0.40219.1
Project("{FAE04EC0-301F-11D3-BF4B-00C04F79EFBC}") = "Web-1001-test", "Web-1001-test\Web-1001-test.csproj", "{CCBCEC35-B69F-4699-9506-DC42F59BBE09}"
EndProject
Global
	GlobalSection(SolutionConfigurationPlatforms) = preSolution
		Debug|Any CPU = Debug|Any CPU
		Release|Any CPU = Release|Any CPU
	EndGlobalSection
	GlobalSection(ProjectConfigurationPlatforms) = postSolution
		{CCBCEC35-B69F-4699-9506-DC42F59BBE09}.Debug|Any CPU.ActiveCfg = Debug|Any CPU
		{CCBCEC35-B69F-4699-9506-DC42F59BBE09}.Debug|Any CPU.Build.0 = Debug|Any CPU
		{CCBCEC35-B69F-4699-9506-DC42F59BBE09}.Release|Any CPU.ActiveCfg = Release|Any CPU
		{CCBCEC35-B69F-4699-9506-DC42F59BBE09}.Release|Any CPU.Build.0 = Release|Any CPU
	EndGlobalSection
	GlobalSection(SolutionProperties) = preSolution
		HideSolutionNode = FALSE
	EndGlobalSection
	GlobalSection(ExtensibilityGlobals) = postSolution
		SolutionGuid = {387EE5EF-3F29-4FC5-9F03-18F709EEE4EF}
	EndGlobalSection
EndGlobal
